
Microsoft Visual Studio Solution File, Format Version 12.00
# Visual Studio Version 17
VisualStudioVersion = 17.0.31903.59
MinimumVisualStudioVersion = 10.0.40219.1
Project("{FAE04EC0-301F-11D3-BF4B-00C04F79EFBC}") = "API", "API\API.csproj", "{C4D1E49D-B7EF-41E1-A461-44F9EA4E5E42}"
EndProject
Project("{FAE04EC0-301F-11D3-BF4B-00C04F79EFBC}") = "Core", "Core\Core.csproj", "{F43C11D6-93CB-4D21-9231-B166F3B27B2F}"
EndProject
Project("{FAE04EC0-301F-11D3-BF4B-00C04F79EFBC}") = "Infrastructure", "Infrastructure\Infrastructure.csproj", "{61FDA7D5-B032-4691-82F1-BC870F68ABF3}"
EndProject
Global
	GlobalSection(SolutionConfigurationPlatforms) = preSolution
		Debug|Any CPU = Debug|Any CPU
		Release|Any CPU = Release|Any CPU
	EndGlobalSection
	GlobalSection(SolutionProperties) = preSolution
		HideSolutionNode = FALSE
	EndGlobalSection
	GlobalSection(ProjectConfigurationPlatforms) = postSolution
		{C4D1E49D-B7EF-41E1-A461-44F9EA4E5E42}.Debug|Any CPU.ActiveCfg = Debug|Any CPU
		{C4D1E49D-B7EF-41E1-A461-44F9EA4E5E42}.Debug|Any CPU.Build.0 = Debug|Any CPU
		{C4D1E49D-B7EF-41E1-A461-44F9EA4E5E42}.Release|Any CPU.ActiveCfg = Release|Any CPU
		{C4D1E49D-B7EF-41E1-A461-44F9EA4E5E42}.Release|Any CPU.Build.0 = Release|Any CPU
		{F43C11D6-93CB-4D21-9231-B166F3B27B2F}.Debug|Any CPU.ActiveCfg = Debug|Any CPU
		{F43C11D6-93CB-4D21-9231-B166F3B27B2F}.Debug|Any CPU.Build.0 = Debug|Any CPU
		{F43C11D6-93CB-4D21-9231-B166F3B27B2F}.Release|Any CPU.ActiveCfg = Release|Any CPU
		{F43C11D6-93CB-4D21-9231-B166F3B27B2F}.Release|Any CPU.Build.0 = Release|Any CPU
		{61FDA7D5-B032-4691-82F1-BC870F68ABF3}.Debug|Any CPU.ActiveCfg = Debug|Any CPU
		{61FDA7D5-B032-4691-82F1-BC870F68ABF3}.Debug|Any CPU.Build.0 = Debug|Any CPU
		{61FDA7D5-B032-4691-82F1-BC870F68ABF3}.Release|Any CPU.ActiveCfg = Release|Any CPU
		{61FDA7D5-B032-4691-82F1-BC870F68ABF3}.Release|Any CPU.Build.0 = Release|Any CPU
	EndGlobalSection
EndGlobal
